
Microsoft Visual Studio Solution File, Format Version 12.00
# Visual Studio Version 17
VisualStudioVersion = 17.0.31903.59
MinimumVisualStudioVersion = 10.0.40219.1
Project("{FAE04EC0-301F-11D3-BF4B-00C04F79EFBC}") = "VoTrongNghia", "VoTrongNghia.csproj", "{2C48B024-6F05-42A6-97CD-2A989344FBC0}"
EndProject
Project("{2150E333-8FDC-42A3-9474-1A3956D46DE8}") = "Tài liệu", "Tài liệu", "{5E2B9C7A-3D41-4F8E-A6B2-9C0D1E7F4A58}"
	ProjectSection(SolutionItems) = preProject
		CLAUDE.md = CLAUDE.md
		CHANGELOG.md = CHANGELOG.md
		README.md = README.md
		docs\DEPLOY.md = docs\DEPLOY.md
		docs\ke-hoach-hoc-vien.md = docs\ke-hoach-hoc-vien.md
		scripts\kiem-tra-site.ps1 = scripts\kiem-tra-site.ps1
		scripts\update-ai-templates.py = scripts\update-ai-templates.py
	EndProjectSection
EndProject
Global
	GlobalSection(SolutionConfigurationPlatforms) = preSolution
		Debug|Any CPU = Debug|Any CPU
		Release|Any CPU = Release|Any CPU
	EndGlobalSection
	GlobalSection(ProjectConfigurationPlatforms) = postSolution
		{2C48B024-6F05-42A6-97CD-2A989344FBC0}.Debug|Any CPU.ActiveCfg = Debug|Any CPU
		{2C48B024-6F05-42A6-97CD-2A989344FBC0}.Debug|Any CPU.Build.0 = Debug|Any CPU
		{2C48B024-6F05-42A6-97CD-2A989344FBC0}.Release|Any CPU.ActiveCfg = Release|Any CPU
		{2C48B024-6F05-42A6-97CD-2A989344FBC0}.Release|Any CPU.Build.0 = Release|Any CPU
	EndGlobalSection
	GlobalSection(SolutionProperties) = preSolution
		HideSolutionNode = FALSE
	EndGlobalSection
EndGlobal
